
Microsoft Visual Studio Solution File, Format Version 12.00
# Visual Studio Version 16
VisualStudioVersion = 16.0.30717.126
MinimumVisualStudioVersion = 10.0.40219.1
Project("{FAE04EC0-301F-11D3-BF4B-00C04F79EFBC}") = "Integration Testing", "Integration Testing.csproj", "{3C00C78C-30DB-4F65-848C-F414714DAD8B}"
EndProject
Global
	GlobalSection(SolutionConfigurationPlatforms) = preSolution
		Debug|Any CPU = Debug|Any CPU
		Release|Any CPU = Release|Any CPU
	EndGlobalSection
	GlobalSection(ProjectConfigurationPlatforms) = postSolution
		{3C00C78C-30DB-4F65-848C-F414714DAD8B}.Debug|Any CPU.ActiveCfg = Debug|Any CPU
		{3C00C78C-30DB-4F65-848C-F414714DAD8B}.Debug|Any CPU.Build.0 = Debug|Any CPU
		{3C00C78C-30DB-4F65-848C-F414714DAD8B}.Release|Any CPU.ActiveCfg = Release|Any CPU
		{3C00C78C-30DB-4F65-848C-F414714DAD8B}.Release|Any CPU.Build.0 = Release|Any CPU
	EndGlobalSection
	GlobalSection(SolutionProperties) = preSolution
		HideSolutionNode = FALSE
	EndGlobalSection
	GlobalSection(ExtensibilityGlobals) = postSolution
		SolutionGuid = {21071ABA-7AA6-4FA3-9A95-5271170A0FD2}
	EndGlobalSection
EndGlobal
